// !$*UTF8*$!
{
	archiveVersion = 1;
	classes = {
	};
	objectVersion = 46;
	objects = {

/* Begin PBXBuildFile section */
		9C099F0D1F64FF7100AAF322 /* ProgressNode.swift in Sources */ = {isa = PBXBuildFile; fileRef = 9C099F0C1F64FF7100AAF322 /* ProgressNode.swift */; };
		9C3E04FB1F11C94600339A92 /* DifficultyMenuScene.sks in Resources */ = {isa = PBXBuildFile; fileRef = 9C3E04F31F11C94600339A92 /* DifficultyMenuScene.sks */; };
		9C3E04FC1F11C94600339A92 /* DifficultyMenuScene.swift in Sources */ = {isa = PBXBuildFile; fileRef = 9C3E04F41F11C94600339A92 /* DifficultyMenuScene.swift */; };
		9C3E04FD1F11C94600339A92 /* TrainingScene.sks in Resources */ = {isa = PBXBuildFile; fileRef = 9C3E04F51F11C94600339A92 /* TrainingScene.sks */; };
		9C3E04FE1F11C94600339A92 /* TrainingScene.swift in Sources */ = {isa = PBXBuildFile; fileRef = 9C3E04F61F11C94600339A92 /* TrainingScene.swift */; };
		9C3E05011F11C94600339A92 /* StartMenuScene.sks in Resources */ = {isa = PBXBuildFile; fileRef = 9C3E04F91F11C94600339A92 /* StartMenuScene.sks */; };
		9C3E05021F11C94600339A92 /* StartMenuScene.swift in Sources */ = {isa = PBXBuildFile; fileRef = 9C3E04FA1F11C94600339A92 /* StartMenuScene.swift */; };
		9C622C0B1F373A70007DFD49 /* piano_a.wav in Resources */ = {isa = PBXBuildFile; fileRef = 9C622BFF1F373A70007DFD49 /* piano_a.wav */; };
		9C622C0C1F373A70007DFD49 /* piano_as.wav in Resources */ = {isa = PBXBuildFile; fileRef = 9C622C001F373A70007DFD49 /* piano_as.wav */; };
		9C622C0D1F373A70007DFD49 /* piano_b.wav in Resources */ = {isa = PBXBuildFile; fileRef = 9C622C011F373A70007DFD49 /* piano_b.wav */; };
		9C622C0E1F373A70007DFD49 /* piano_c.wav in Resources */ = {isa = PBXBuildFile; fileRef = 9C622C021F373A70007DFD49 /* piano_c.wav */; };
		9C622C0F1F373A70007DFD49 /* piano_cs.wav in Resources */ = {isa = PBXBuildFile; fileRef = 9C622C031F373A70007DFD49 /* piano_cs.wav */; };
		9C622C101F373A70007DFD49 /* piano_d.wav in Resources */ = {isa = PBXBuildFile; fileRef = 9C622C041F373A70007DFD49 /* piano_d.wav */; };
		9C622C111F373A70007DFD49 /* piano_ds.wav in Resources */ = {isa = PBXBuildFile; fileRef = 9C622C051F373A70007DFD49 /* piano_ds.wav */; };
		9C622C121F373A70007DFD49 /* piano_e.wav in Resources */ = {isa = PBXBuildFile; fileRef = 9C622C061F373A70007DFD49 /* piano_e.wav */; };
		9C622C131F373A70007DFD49 /* piano_f.wav in Resources */ = {isa = PBXBuildFile; fileRef = 9C622C071F373A70007DFD49 /* piano_f.wav */; };
		9C622C141F373A70007DFD49 /* piano_fs.wav in Resources */ = {isa = PBXBuildFile; fileRef = 9C622C081F373A70007DFD49 /* piano_fs.wav */; };
		9C622C151F373A70007DFD49 /* piano_g.wav in Resources */ = {isa = PBXBuildFile; fileRef = 9C622C091F373A70007DFD49 /* piano_g.wav */; };
		9C622C161F373A70007DFD49 /* piano_gs.wav in Resources */ = {isa = PBXBuildFile; fileRef = 9C622C0A1F373A70007DFD49 /* piano_gs.wav */; };
		9C622C181F373F3E007DFD49 /* KeyboardNode.swift in Sources */ = {isa = PBXBuildFile; fileRef = 9C622C171F373F3E007DFD49 /* KeyboardNode.swift */; };
		9C7E344A1F2C184B00DD723E /* MusicNode.swift in Sources */ = {isa = PBXBuildFile; fileRef = 9C7E34491F2C184B00DD723E /* MusicNode.swift */; };
		9CA2F1EC1F19AF6500F376D0 /* MasterScene.swift in Sources */ = {isa = PBXBuildFile; fileRef = 9CA2F1EB1F19AF6500F376D0 /* MasterScene.swift */; };
		9CB1C3D61F10663700F3C01A /* AppDelegate.swift in Sources */ = {isa = PBXBuildFile; fileRef = 9CB1C3D51F10663700F3C01A /* AppDelegate.swift */; };
		9CB1C3DA1F10663700F3C01A /* Actions.sks in Resources */ = {isa = PBXBuildFile; fileRef = 9CB1C3D91F10663700F3C01A /* Actions.sks */; };
		9CB1C3DE1F10663700F3C01A /* GameViewController.swift in Sources */ = {isa = PBXBuildFile; fileRef = 9CB1C3DD1F10663700F3C01A /* GameViewController.swift */; };
		9CB1C3E11F10663700F3C01A /* Main.storyboard in Resources */ = {isa = PBXBuildFile; fileRef = 9CB1C3DF1F10663700F3C01A /* Main.storyboard */; };
		9CB1C3E31F10663700F3C01A /* Assets.xcassets in Resources */ = {isa = PBXBuildFile; fileRef = 9CB1C3E21F10663700F3C01A /* Assets.xcassets */; };
		9CB1C3E61F10663700F3C01A /* LaunchScreen.storyboard in Resources */ = {isa = PBXBuildFile; fileRef = 9CB1C3E41F10663700F3C01A /* LaunchScreen.storyboard */; };
		9CE650601F135D5300E2A81A /* SettingsScene.sks in Resources */ = {isa = PBXBuildFile; fileRef = 9CE6505E1F135D5300E2A81A /* SettingsScene.sks */; };
		9CE650611F135D5300E2A81A /* SettingsScene.swift in Sources */ = {isa = PBXBuildFile; fileRef = 9CE6505F1F135D5300E2A81A /* SettingsScene.swift */; };
		9CFAC6F11F49DA94003EF27E /* Definitions.swift in Sources */ = {isa = PBXBuildFile; fileRef = 9CFAC6F01F49DA94003EF27E /* Definitions.swift */; };
		9CFB39CE1F5A2F4500C9B53B /* ModeSelectScene.sks in Resources */ = {isa = PBXBuildFile; fileRef = 9CFB39CA1F5A2F4400C9B53B /* ModeSelectScene.sks */; };
		9CFB39CF1F5A2F4500C9B53B /* ModeSelectScene.swift in Sources */ = {isa = PBXBuildFile; fileRef = 9CFB39CB1F5A2F4500C9B53B /* ModeSelectScene.swift */; };
		9CFB39D01F5A2F4500C9B53B /* SpeedTestScene.sks in Resources */ = {isa = PBXBuildFile; fileRef = 9CFB39CC1F5A2F4500C9B53B /* SpeedTestScene.sks */; };
		9CFB39D11F5A2F4500C9B53B /* SpeedTestScene.swift in Sources */ = {isa = PBXBuildFile; fileRef = 9CFB39CD1F5A2F4500C9B53B /* SpeedTestScene.swift */; };
		9CFB39D61F5A360600C9B53B /* TrainingResultScene.sks in Resources */ = {isa = PBXBuildFile; fileRef = 9CFB39D21F5A360600C9B53B /* TrainingResultScene.sks */; };
		9CFB39D71F5A360600C9B53B /* TrainingResultScene.swift in Sources */ = {isa = PBXBuildFile; fileRef = 9CFB39D31F5A360600C9B53B /* TrainingResultScene.swift */; };
		9CFB39D81F5A360600C9B53B /* SpeedTestResultScene.sks in Resources */ = {isa = PBXBuildFile; fileRef = 9CFB39D41F5A360600C9B53B /* SpeedTestResultScene.sks */; };
		9CFB39D91F5A360600C9B53B /* SpeedTestResultScene.swift in Sources */ = {isa = PBXBuildFile; fileRef = 9CFB39D51F5A360600C9B53B /* SpeedTestResultScene.swift */; };
/* End PBXBuildFile section */

/* Begin PBXFileReference section */
		9C099F0C1F64FF7100AAF322 /* ProgressNode.swift */ = {isa = PBXFileReference; fileEncoding = 4; lastKnownFileType = sourcecode.swift; path = ProgressNode.swift; sourceTree = "<group>"; };
		9C3E04F31F11C94600339A92 /* DifficultyMenuScene.sks */ = {isa = PBXFileReference; lastKnownFileType = file.sks; name = DifficultyMenuScene.sks; path = Scenes/DifficultyMenuScene.sks; sourceTree = "<group>"; };
		9C3E04F41F11C94600339A92 /* DifficultyMenuScene.swift */ = {isa = PBXFileReference; fileEncoding = 4; lastKnownFileType = sourcecode.swift; name = DifficultyMenuScene.swift; path = Scenes/DifficultyMenuScene.swift; sourceTree = "<group>"; };
		9C3E04F51F11C94600339A92 /* TrainingScene.sks */ = {isa = PBXFileReference; lastKnownFileType = file.sks; name = TrainingScene.sks; path = Scenes/TrainingScene.sks; sourceTree = "<group>"; };
		9C3E04F61F11C94600339A92 /* TrainingScene.swift */ = {isa = PBXFileReference; fileEncoding = 4; lastKnownFileType = sourcecode.swift; name = TrainingScene.swift; path = Scenes/TrainingScene.swift; sourceTree = "<group>"; };
		9C3E04F91F11C94600339A92 /* StartMenuScene.sks */ = {isa = PBXFileReference; lastKnownFileType = file.sks; name = StartMenuScene.sks; path = Scenes/StartMenuScene.sks; sourceTree = "<group>"; };
		9C3E04FA1F11C94600339A92 /* StartMenuScene.swift */ = {isa = PBXFileReference; fileEncoding = 4; lastKnownFileType = sourcecode.swift; name = StartMenuScene.swift; path = Scenes/StartMenuScene.swift; sourceTree = "<group>"; };
		9C622BFF1F373A70007DFD49 /* piano_a.wav */ = {isa = PBXFileReference; lastKnownFileType = audio.wav; path = piano_a.wav; sourceTree = "<group>"; };
		9C622C001F373A70007DFD49 /* piano_as.wav */ = {isa = PBXFileReference; lastKnownFileType = audio.wav; path = piano_as.wav; sourceTree = "<group>"; };
		9C622C011F373A70007DFD49 /* piano_b.wav */ = {isa = PBXFileReference; lastKnownFileType = audio.wav; path = piano_b.wav; sourceTree = "<group>"; };
		9C622C021F373A70007DFD49 /* piano_c.wav */ = {isa = PBXFileReference; lastKnownFileType = audio.wav; path = piano_c.wav; sourceTree = "<group>"; };
		9C622C031F373A70007DFD49 /* piano_cs.wav */ = {isa = PBXFileReference; lastKnownFileType = audio.wav; path = piano_cs.wav; sourceTree = "<group>"; };
		9C622C041F373A70007DFD49 /* piano_d.wav */ = {isa = PBXFileReference; lastKnownFileType = audio.wav; path = piano_d.wav; sourceTree = "<group>"; };
		9C622C051F373A70007DFD49 /* piano_ds.wav */ = {isa = PBXFileReference; lastKnownFileType = audio.wav; path = piano_ds.wav; sourceTree = "<group>"; };
		9C622C061F373A70007DFD49 /* piano_e.wav */ = {isa = PBXFileReference; lastKnownFileType = audio.wav; path = piano_e.wav; sourceTree = "<group>"; };
		9C622C071F373A70007DFD49 /* piano_f.wav */ = {isa = PBXFileReference; lastKnownFileType = audio.wav; path = piano_f.wav; sourceTree = "<group>"; };
		9C622C081F373A70007DFD49 /* piano_fs.wav */ = {isa = PBXFileReference; lastKnownFileType = audio.wav; path = piano_fs.wav; sourceTree = "<group>"; };
		9C622C091F373A70007DFD49 /* piano_g.wav */ = {isa = PBXFileReference; lastKnownFileType = audio.wav; path = piano_g.wav; sourceTree = "<group>"; };
		9C622C0A1F373A70007DFD49 /* piano_gs.wav */ = {isa = PBXFileReference; lastKnownFileType = audio.wav; path = piano_gs.wav; sourceTree = "<group>"; };
		9C622C171F373F3E007DFD49 /* KeyboardNode.swift */ = {isa = PBXFileReference; fileEncoding = 4; lastKnownFileType = sourcecode.swift; path = KeyboardNode.swift; sourceTree = "<group>"; };
		9C7E34491F2C184B00DD723E /* MusicNode.swift */ = {isa = PBXFileReference; fileEncoding = 4; lastKnownFileType = sourcecode.swift; path = MusicNode.swift; sourceTree = "<group>"; };
		9CA2F1EB1F19AF6500F376D0 /* MasterScene.swift */ = {isa = PBXFileReference; fileEncoding = 4; lastKnownFileType = sourcecode.swift; name = MasterScene.swift; path = Scenes/MasterScene.swift; sourceTree = "<group>"; };
		9CB1C3D21F10663700F3C01A /* Perfect Pitch.app */ = {isa = PBXFileReference; explicitFileType = wrapper.application; includeInIndex = 0; path = "Perfect Pitch.app"; sourceTree = BUILT_PRODUCTS_DIR; };
		9CB1C3D51F10663700F3C01A /* AppDelegate.swift */ = {isa = PBXFileReference; lastKnownFileType = sourcecode.swift; path = AppDelegate.swift; sourceTree = "<group>"; };
		9CB1C3D91F10663700F3C01A /* Actions.sks */ = {isa = PBXFileReference; lastKnownFileType = file.sks; path = Actions.sks; sourceTree = "<group>"; };
		9CB1C3DD1F10663700F3C01A /* GameViewController.swift */ = {isa = PBXFileReference; lastKnownFileType = sourcecode.swift; path = GameViewController.swift; sourceTree = "<group>"; };
		9CB1C3E01F10663700F3C01A /* Base */ = {isa = PBXFileReference; lastKnownFileType = file.storyboard; name = Base; path = Base.lproj/Main.storyboard; sourceTree = "<group>"; };
		9CB1C3E21F10663700F3C01A /* Assets.xcassets */ = {isa = PBXFileReference; lastKnownFileType = folder.assetcatalog; path = Assets.xcassets; sourceTree = "<group>"; };
		9CB1C3E51F10663700F3C01A /* Base */ = {isa = PBXFileReference; lastKnownFileType = file.storyboard; name = Base; path = Base.lproj/LaunchScreen.storyboard; sourceTree = "<group>"; };
		9CB1C3E71F10663700F3C01A /* Info.plist */ = {isa = PBXFileReference; lastKnownFileType = text.plist.xml; path = Info.plist; sourceTree = "<group>"; };
		9CE6505E1F135D5300E2A81A /* SettingsScene.sks */ = {isa = PBXFileReference; lastKnownFileType = file.sks; name = SettingsScene.sks; path = Scenes/SettingsScene.sks; sourceTree = "<group>"; };
		9CE6505F1F135D5300E2A81A /* SettingsScene.swift */ = {isa = PBXFileReference; fileEncoding = 4; lastKnownFileType = sourcecode.swift; name = SettingsScene.swift; path = Scenes/SettingsScene.swift; sourceTree = "<group>"; };
		9CFAC6F01F49DA94003EF27E /* Definitions.swift */ = {isa = PBXFileReference; fileEncoding = 4; lastKnownFileType = sourcecode.swift; path = Definitions.swift; sourceTree = "<group>"; };
		9CFB39CA1F5A2F4400C9B53B /* ModeSelectScene.sks */ = {isa = PBXFileReference; lastKnownFileType = file.sks; name = ModeSelectScene.sks; path = Scenes/ModeSelectScene.sks; sourceTree = "<group>"; };
		9CFB39CB1F5A2F4500C9B53B /* ModeSelectScene.swift */ = {isa = PBXFileReference; fileEncoding = 4; lastKnownFileType = sourcecode.swift; name = ModeSelectScene.swift; path = Scenes/ModeSelectScene.swift; sourceTree = "<group>"; };
		9CFB39CC1F5A2F4500C9B53B /* SpeedTestScene.sks */ = {isa = PBXFileReference; lastKnownFileType = file.sks; name = SpeedTestScene.sks; path = Scenes/SpeedTestScene.sks; sourceTree = "<group>"; };
		9CFB39CD1F5A2F4500C9B53B /* SpeedTestScene.swift */ = {isa = PBXFileReference; fileEncoding = 4; lastKnownFileType = sourcecode.swift; name = SpeedTestScene.swift; path = Scenes/SpeedTestScene.swift; sourceTree = "<group>"; };
		9CFB39D21F5A360600C9B53B /* TrainingResultScene.sks */ = {isa = PBXFileReference; lastKnownFileType = file.sks; name = TrainingResultScene.sks; path = Scenes/TrainingResultScene.sks; sourceTree = "<group>"; };
		9CFB39D31F5A360600C9B53B /* TrainingResultScene.swift */ = {isa = PBXFileReference; fileEncoding = 4; lastKnownFileType = sourcecode.swift; name = TrainingResultScene.swift; path = Scenes/TrainingResultScene.swift; sourceTree = "<group>"; };
		9CFB39D41F5A360600C9B53B /* SpeedTestResultScene.sks */ = {isa = PBXFileReference; lastKnownFileType = file.sks; name = SpeedTestResultScene.sks; path = Scenes/SpeedTestResultScene.sks; sourceTree = "<group>"; };
		9CFB39D51F5A360600C9B53B /* SpeedTestResultScene.swift */ = {isa = PBXFileReference; fileEncoding = 4; lastKnownFileType = sourcecode.swift; name = SpeedTestResultScene.swift; path = Scenes/SpeedTestResultScene.swift; sourceTree = "<group>"; };
/* End PBXFileReference section */

/* Begin PBXFrameworksBuildPhase section */
		9CB1C3CF1F10663700F3C01A /* Frameworks */ = {
			isa = PBXFrameworksBuildPhase;
			buildActionMask = 2147483647;
			files = (
			);
			runOnlyForDeploymentPostprocessing = 0;
		};
/* End PBXFrameworksBuildPhase section */

/* Begin PBXGroup section */
		9C3E04F21F11C8C300339A92 /* Scenes */ = {
			isa = PBXGroup;
			children = (
				9CA2F1EB1F19AF6500F376D0 /* MasterScene.swift */,
				9C3E04F91F11C94600339A92 /* StartMenuScene.sks */,
				9C3E04FA1F11C94600339A92 /* StartMenuScene.swift */,
				9CE6505E1F135D5300E2A81A /* SettingsScene.sks */,
				9CE6505F1F135D5300E2A81A /* SettingsScene.swift */,
				9C3E04F31F11C94600339A92 /* DifficultyMenuScene.sks */,
				9C3E04F41F11C94600339A92 /* DifficultyMenuScene.swift */,
				9C3E04F51F11C94600339A92 /* TrainingScene.sks */,
				9C3E04F61F11C94600339A92 /* TrainingScene.swift */,
				9CFB39D21F5A360600C9B53B /* TrainingResultScene.sks */,
				9CFB39D31F5A360600C9B53B /* TrainingResultScene.swift */,
				9CFB39CA1F5A2F4400C9B53B /* ModeSelectScene.sks */,
				9CFB39CB1F5A2F4500C9B53B /* ModeSelectScene.swift */,
				9CFB39CC1F5A2F4500C9B53B /* SpeedTestScene.sks */,
				9CFB39CD1F5A2F4500C9B53B /* SpeedTestScene.swift */,
				9CFB39D41F5A360600C9B53B /* SpeedTestResultScene.sks */,
				9CFB39D51F5A360600C9B53B /* SpeedTestResultScene.swift */,
			);
			name = Scenes;
			sourceTree = "<group>";
		};
		9C622BFE1F373A70007DFD49 /* Sounds */ = {
			isa = PBXGroup;
			children = (
				9C622BFF1F373A70007DFD49 /* piano_a.wav */,
				9C622C001F373A70007DFD49 /* piano_as.wav */,
				9C622C011F373A70007DFD49 /* piano_b.wav */,
				9C622C021F373A70007DFD49 /* piano_c.wav */,
				9C622C031F373A70007DFD49 /* piano_cs.wav */,
				9C622C041F373A70007DFD49 /* piano_d.wav */,
				9C622C051F373A70007DFD49 /* piano_ds.wav */,
				9C622C061F373A70007DFD49 /* piano_e.wav */,
				9C622C071F373A70007DFD49 /* piano_f.wav */,
				9C622C081F373A70007DFD49 /* piano_fs.wav */,
				9C622C091F373A70007DFD49 /* piano_g.wav */,
				9C622C0A1F373A70007DFD49 /* piano_gs.wav */,
			);
			path = Sounds;
			sourceTree = "<group>";
		};
		9C7E34461F2BDCEA00DD723E /* Library */ = {
			isa = PBXGroup;
			children = (
				9C099F0C1F64FF7100AAF322 /* ProgressNode.swift */,
				9C622C171F373F3E007DFD49 /* KeyboardNode.swift */,
				9C7E34491F2C184B00DD723E /* MusicNode.swift */,
				9CFAC6F01F49DA94003EF27E /* Definitions.swift */,
			);
			path = Library;
			sourceTree = "<group>";
		};
		9CB1C3C91F10663600F3C01A = {
			isa = PBXGroup;
			children = (
				9CB1C3D41F10663700F3C01A /* MyPerfectPitchAppiOS */,
				9CB1C3D31F10663700F3C01A /* Products */,
			);
			sourceTree = "<group>";
		};
		9CB1C3D31F10663700F3C01A /* Products */ = {
			isa = PBXGroup;
			children = (
				9CB1C3D21F10663700F3C01A /* Perfect Pitch.app */,
			);
			name = Products;
			sourceTree = "<group>";
		};
		9CB1C3D41F10663700F3C01A /* MyPerfectPitchAppiOS */ = {
			isa = PBXGroup;
			children = (
				9C622BFE1F373A70007DFD49 /* Sounds */,
				9C7E34461F2BDCEA00DD723E /* Library */,
				9C3E04F21F11C8C300339A92 /* Scenes */,
				9CB1C3D51F10663700F3C01A /* AppDelegate.swift */,
				9CB1C3D91F10663700F3C01A /* Actions.sks */,
				9CB1C3DD1F10663700F3C01A /* GameViewController.swift */,
				9CB1C3DF1F10663700F3C01A /* Main.storyboard */,
				9CB1C3E21F10663700F3C01A /* Assets.xcassets */,
				9CB1C3E41F10663700F3C01A /* LaunchScreen.storyboard */,
				9CB1C3E71F10663700F3C01A /* Info.plist */,
			);
			path = MyPerfectPitchAppiOS;
			sourceTree = "<group>";
		};
/* End PBXGroup section */

/* Begin PBXNativeTarget section */
		9CB1C3D11F10663700F3C01A /* Perfect Pitch */ = {
			isa = PBXNativeTarget;
			buildConfigurationList = 9CB1C3EA1F10663700F3C01A /* Build configuration list for PBXNativeTarget "Perfect Pitch" */;
			buildPhases = (
				9CB1C3CE1F10663700F3C01A /* Sources */,
				9CB1C3CF1F10663700F3C01A /* Frameworks */,
				9CB1C3D01F10663700F3C01A /* Resources */,
			);
			buildRules = (
			);
			dependencies = (
			);
			name = "Perfect Pitch";
			productName = MyPerfectPitchAppiOS;
			productReference = 9CB1C3D21F10663700F3C01A /* Perfect Pitch.app */;
			productType = "com.apple.product-type.application";
		};
/* End PBXNativeTarget section */

/* Begin PBXProject section */
		9CB1C3CA1F10663700F3C01A /* Project object */ = {
			isa = PBXProject;
			attributes = {
				LastSwiftUpdateCheck = 0830;
				LastUpgradeCheck = 0830;
				ORGANIZATIONNAME = tengcm;
				TargetAttributes = {
					9CB1C3D11F10663700F3C01A = {
						CreatedOnToolsVersion = 8.3.3;
						DevelopmentTeam = B3K44PAP9C;
						ProvisioningStyle = Automatic;
					};
				};
			};
			buildConfigurationList = 9CB1C3CD1F10663700F3C01A /* Build configuration list for PBXProject "MyPerfectPitchAppiOS" */;
			compatibilityVersion = "Xcode 3.2";
			developmentRegion = English;
			hasScannedForEncodings = 0;
			knownRegions = (
				en,
				Base,
			);
			mainGroup = 9CB1C3C91F10663600F3C01A;
			productRefGroup = 9CB1C3D31F10663700F3C01A /* Products */;
			projectDirPath = "";
			projectRoot = "";
			targets = (
				9CB1C3D11F10663700F3C01A /* Perfect Pitch */,
			);
		};
/* End PBXProject section */

/* Begin PBXResourcesBuildPhase section */
		9CB1C3D01F10663700F3C01A /* Resources */ = {
			isa = PBXResourcesBuildPhase;
			buildActionMask = 2147483647;
			files = (
				9C622C141F373A70007DFD49 /* piano_fs.wav in Resources */,
				9CE650601F135D5300E2A81A /* SettingsScene.sks in Resources */,
				9C622C0F1F373A70007DFD49 /* piano_cs.wav in Resources */,
				9C622C0B1F373A70007DFD49 /* piano_a.wav in Resources */,
				9C622C0D1F373A70007DFD49 /* piano_b.wav in Resources */,
				9C622C111F373A70007DFD49 /* piano_ds.wav in Resources */,
				9C622C121F373A70007DFD49 /* piano_e.wav in Resources */,
				9CB1C3E11F10663700F3C01A /* Main.storyboard in Resources */,
				9C3E05011F11C94600339A92 /* StartMenuScene.sks in Resources */,
				9C3E04FB1F11C94600339A92 /* DifficultyMenuScene.sks in Resources */,
				9CFB39D61F5A360600C9B53B /* TrainingResultScene.sks in Resources */,
				9C622C0E1F373A70007DFD49 /* piano_c.wav in Resources */,
				9CFB39D81F5A360600C9B53B /* SpeedTestResultScene.sks in Resources */,
				9C622C101F373A70007DFD49 /* piano_d.wav in Resources */,
				9CB1C3E31F10663700F3C01A /* Assets.xcassets in Resources */,
				9CB1C3E61F10663700F3C01A /* LaunchScreen.storyboard in Resources */,
				9C622C0C1F373A70007DFD49 /* piano_as.wav in Resources */,
				9C622C151F373A70007DFD49 /* piano_g.wav in Resources */,
				9CFB39CE1F5A2F4500C9B53B /* ModeSelectScene.sks in Resources */,
				9C622C131F373A70007DFD49 /* piano_f.wav in Resources */,
				9CFB39D01F5A2F4500C9B53B /* SpeedTestScene.sks in Resources */,
				9C3E04FD1F11C94600339A92 /* TrainingScene.sks in Resources */,
				9CB1C3DA1F10663700F3C01A /* Actions.sks in Resources */,
				9C622C161F373A70007DFD49 /* piano_gs.wav in Resources */,
			);
			runOnlyForDeploymentPostprocessing = 0;
		};
/* End PBXResourcesBuildPhase section */

/* Begin PBXSourcesBuildPhase section */
		9CB1C3CE1F10663700F3C01A /* Sources */ = {
			isa = PBXSourcesBuildPhase;
			buildActionMask = 2147483647;
			files = (
				9C3E05021F11C94600339A92 /* StartMenuScene.swift in Sources */,
				9CE650611F135D5300E2A81A /* SettingsScene.swift in Sources */,
				9CFB39D91F5A360600C9B53B /* SpeedTestResultScene.swift in Sources */,
				9CFB39D71F5A360600C9B53B /* TrainingResultScene.swift in Sources */,
				9C622C181F373F3E007DFD49 /* KeyboardNode.swift in Sources */,
				9CFB39CF1F5A2F4500C9B53B /* ModeSelectScene.swift in Sources */,
				9C099F0D1F64FF7100AAF322 /* ProgressNode.swift in Sources */,
				9CFB39D11F5A2F4500C9B53B /* SpeedTestScene.swift in Sources */,
				9CB1C3DE1F10663700F3C01A /* GameViewController.swift in Sources */,
				9C3E04FE1F11C94600339A92 /* TrainingScene.swift in Sources */,
				9C3E04FC1F11C94600339A92 /* DifficultyMenuScene.swift in Sources */,
				9C7E344A1F2C184B00DD723E /* MusicNode.swift in Sources */,
				9CA2F1EC1F19AF6500F376D0 /* MasterScene.swift in Sources */,
				9CB1C3D61F10663700F3C01A /* AppDelegate.swift in Sources */,
				9CFAC6F11F49DA94003EF27E /* Definitions.swift in Sources */,
			);
			runOnlyForDeploymentPostprocessing = 0;
		};
/* End PBXSourcesBuildPhase section */

/* Begin PBXVariantGroup section */
		9CB1C3DF1F10663700F3C01A /* Main.storyboard */ = {
			isa = PBXVariantGroup;
			children = (
				9CB1C3E01F10663700F3C01A /* Base */,
			);
			name = Main.storyboard;
			sourceTree = "<group>";
		};
		9CB1C3E41F10663700F3C01A /* LaunchScreen.storyboard */ = {
			isa = PBXVariantGroup;
			children = (
				9CB1C3E51F10663700F3C01A /* Base */,
			);
			name = LaunchScreen.storyboard;
			sourceTree = "<group>";
		};
/* End PBXVariantGroup section */

/* Begin XCBuildConfiguration section */
		9CB1C3E81F10663700F3C01A /* Debug */ = {
			isa = XCBuildConfiguration;
			buildSettings = {
				ALWAYS_SEARCH_USER_PATHS = NO;
				CLANG_ANALYZER_NONNULL = YES;
				CLANG_ANALYZER_NUMBER_OBJECT_CONVERSION = YES_AGGRESSIVE;
				CLANG_CXX_LANGUAGE_STANDARD = "gnu++0x";
				CLANG_CXX_LIBRARY = "libc++";
				CLANG_ENABLE_MODULES = YES;
				CLANG_ENABLE_OBJC_ARC = YES;
				CLANG_WARN_BOOL_CONVERSION = YES;
				CLANG_WARN_CONSTANT_CONVERSION = YES;
				CLANG_WARN_DIRECT_OBJC_ISA_USAGE = YES_ERROR;
				CLANG_WARN_DOCUMENTATION_COMMENTS = YES;
				CLANG_WARN_EMPTY_BODY = YES;
				CLANG_WARN_ENUM_CONVERSION = YES;
				CLANG_WARN_INFINITE_RECURSION = YES;
				CLANG_WARN_INT_CONVERSION = YES;
				CLANG_WARN_OBJC_ROOT_CLASS = YES_ERROR;
				CLANG_WARN_SUSPICIOUS_MOVE = YES;
				CLANG_WARN_UNREACHABLE_CODE = YES;
				CLANG_WARN__DUPLICATE_METHOD_MATCH = YES;
				"CODE_SIGN_IDENTITY[sdk=iphoneos*]" = "iPhone Developer";
				COPY_PHASE_STRIP = NO;
				DEBUG_INFORMATION_FORMAT = dwarf;
				ENABLE_STRICT_OBJC_MSGSEND = YES;
				ENABLE_TESTABILITY = YES;
				GCC_C_LANGUAGE_STANDARD = gnu99;
				GCC_DYNAMIC_NO_PIC = NO;
				GCC_NO_COMMON_BLOCKS = YES;
				GCC_OPTIMIZATION_LEVEL = 0;
				GCC_PREPROCESSOR_DEFINITIONS = (
					"DEBUG=1",
					"$(inherited)",
				);
				GCC_WARN_64_TO_32_BIT_CONVERSION = YES;
				GCC_WARN_ABOUT_RETURN_TYPE = YES_ERROR;
				GCC_WARN_UNDECLARED_SELECTOR = YES;
				GCC_WARN_UNINITIALIZED_AUTOS = YES_AGGRESSIVE;
				GCC_WARN_UNUSED_FUNCTION = YES;
				GCC_WARN_UNUSED_VARIABLE = YES;
				IPHONEOS_DEPLOYMENT_TARGET = 10.3;
				MTL_ENABLE_DEBUG_INFO = YES;
				ONLY_ACTIVE_ARCH = YES;
				SDKROOT = iphoneos;
				SWIFT_ACTIVE_COMPILATION_CONDITIONS = DEBUG;
				SWIFT_OPTIMIZATION_LEVEL = "-Onone";
			};
			name = Debug;
		};
		9CB1C3E91F10663700F3C01A /* Release */ = {
			isa = XCBuildConfiguration;
			buildSettings = {
				ALWAYS_SEARCH_USER_PATHS = NO;
				CLANG_ANALYZER_NONNULL = YES;
				CLANG_ANALYZER_NUMBER_OBJECT_CONVERSION = YES_AGGRESSIVE;
				CLANG_CXX_LANGUAGE_STANDARD = "gnu++0x";
				CLANG_CXX_LIBRARY = "libc++";
				CLANG_ENABLE_MODULES = YES;
				CLANG_ENABLE_OBJC_ARC = YES;
				CLANG_WARN_BOOL_CONVERSION = YES;
				CLANG_WARN_CONSTANT_CONVERSION = YES;
				CLANG_WARN_DIRECT_OBJC_ISA_USAGE = YES_ERROR;
				CLANG_WARN_DOCUMENTATION_COMMENTS = YES;
				CLANG_WARN_EMPTY_BODY = YES;
				CLANG_WARN_ENUM_CONVERSION = YES;
				CLANG_WARN_INFINITE_RECURSION = YES;
				CLANG_WARN_INT_CONVERSION = YES;
				CLANG_WARN_OBJC_ROOT_CLASS = YES_ERROR;
				CLANG_WARN_SUSPICIOUS_MOVE = YES;
				CLANG_WARN_UNREACHABLE_CODE = YES;
				CLANG_WARN__DUPLICATE_METHOD_MATCH = YES;
				"CODE_SIGN_IDENTITY[sdk=iphoneos*]" = "iPhone Developer";
				COPY_PHASE_STRIP = NO;
				DEBUG_INFORMATION_FORMAT = "dwarf-with-dsym";
				ENABLE_NS_ASSERTIONS = NO;
				ENABLE_STRICT_OBJC_MSGSEND = YES;
				GCC_C_LANGUAGE_STANDARD = gnu99;
				GCC_NO_COMMON_BLOCKS = YES;
				GCC_WARN_64_TO_32_BIT_CONVERSION = YES;
				GCC_WARN_ABOUT_RETURN_TYPE = YES_ERROR;
				GCC_WARN_UNDECLARED_SELECTOR = YES;
				GCC_WARN_UNINITIALIZED_AUTOS = YES_AGGRESSIVE;
				GCC_WARN_UNUSED_FUNCTION = YES;
				GCC_WARN_UNUSED_VARIABLE = YES;
				IPHONEOS_DEPLOYMENT_TARGET = 10.3;
				MTL_ENABLE_DEBUG_INFO = NO;
				SDKROOT = iphoneos;
				SWIFT_OPTIMIZATION_LEVEL = "-Owholemodule";
				VALIDATE_PRODUCT = YES;
			};
			name = Release;
		};
		9CB1C3EB1F10663700F3C01A /* Debug */ = {
			isa = XCBuildConfiguration;
			buildSettings = {
				ASSETCATALOG_COMPILER_APPICON_NAME = AppIcon;
				DEVELOPMENT_TEAM = B3K44PAP9C;
				INFOPLIST_FILE = MyPerfectPitchAppiOS/Info.plist;
				LD_RUNPATH_SEARCH_PATHS = "$(inherited) @executable_path/Frameworks";
				PRODUCT_BUNDLE_IDENTIFIER = tengcm.MyPerfectPitchAppiOS;
				PRODUCT_NAME = "$(TARGET_NAME)";
				SWIFT_VERSION = 3.0;
			};
			name = Debug;
		};
		9CB1C3EC1F10663700F3C01A /* Release */ = {
			isa = XCBuildConfiguration;
			buildSettings = {
				ASSETCATALOG_COMPILER_APPICON_NAME = AppIcon;
				DEVELOPMENT_TEAM = B3K44PAP9C;
				INFOPLIST_FILE = MyPerfectPitchAppiOS/Info.plist;
				LD_RUNPATH_SEARCH_PATHS = "$(inherited) @executable_path/Frameworks";
				PRODUCT_BUNDLE_IDENTIFIER = tengcm.MyPerfectPitchAppiOS;
				PRODUCT_NAME = "$(TARGET_NAME)";
				SWIFT_VERSION = 3.0;
			};
			name = Release;
		};
/* End XCBuildConfiguration section */

/* Begin XCConfigurationList section */
		9CB1C3CD1F10663700F3C01A /* Build configuration list for PBXProject "MyPerfectPitchAppiOS" */ = {
			isa = XCConfigurationList;
			buildConfigurations = (
				9CB1C3E81F10663700F3C01A /* Debug */,
				9CB1C3E91F10663700F3C01A /* Release */,
			);
			defaultConfigurationIsVisible = 0;
			defaultConfigurationName = Release;
		};
		9CB1C3EA1F10663700F3C01A /* Build configuration list for PBXNativeTarget "Perfect Pitch" */ = {
			isa = XCConfigurationList;
			buildConfigurations = (
				9CB1C3EB1F10663700F3C01A /* Debug */,
				9CB1C3EC1F10663700F3C01A /* Release */,
			);
			defaultConfigurationIsVisible = 0;
			defaultConfigurationName = Release;
		};
/* End XCConfigurationList section */
	};
	rootObject = 9CB1C3CA1F10663700F3C01A /* Project object */;
}
